
Microsoft Visual Studio Solution File, Format Version 12.00
# Visual Studio 15
VisualStudioVersion = 15.0.28307.106
MinimumVisualStudioVersion = 10.0.40219.1
Project("{9A19103F-16F7-4668-BE54-9A1E7A4F7556}") = "HandyApp", "HandyApp\HandyApp\HandyApp.csproj", "{219FF12F-B0C3-45F3-BE5B-203AE665907D}"
EndProject
Project("{FAE04EC0-301F-11D3-BF4B-00C04F79EFBC}") = "HandyApp.Android", "HandyApp\HandyApp.Android\HandyApp.Android.csproj", "{8D66121E-EF3D-4268-A22C-449CC8FA315A}"
EndProject
Project("{FAE04EC0-301F-11D3-BF4B-00C04F79EFBC}") = "HandyApp.iOS", "HandyApp\HandyApp.iOS\HandyApp.iOS.csproj", "{973ACE9D-E830-420F-B426-34B62A2F413E}"
EndProject
Project("{9A19103F-16F7-4668-BE54-9A1E7A4F7556}") = "HandyApp.Core", "HandyApp.Core\HandyApp.Core.csproj", "{2EC773A1-726A-4155-8C2E-B4615EE38028}"
EndProject
Project("{9A19103F-16F7-4668-BE54-9A1E7A4F7556}") = "HandyApp.Converters", "HandyApp.Converters\HandyApp.Converters.csproj", "{28B55791-4BAD-40BF-9352-553C0291B68B}"
EndProject
Project("{2150E333-8FDC-42A3-9474-1A3956D46DE8}") = "Core", "Core", "{3C14E26F-4BF7-411D-BEB6-2BB4409AED10}"
EndProject
Project("{2150E333-8FDC-42A3-9474-1A3956D46DE8}") = "Mobile", "Mobile", "{22F746C7-9ED1-4FA3-8CAC-9961852CA9D3}"
EndProject
Project("{2150E333-8FDC-42A3-9474-1A3956D46DE8}") = "Modules", "Modules", "{910A6040-4E50-4272-88F1-3EA5FF417682}"
EndProject
Project("{9A19103F-16F7-4668-BE54-9A1E7A4F7556}") = "HandyApp.Fitness", "HandyApp.Fitness\HandyApp.Fitness.csproj", "{4D5D97F8-D7E7-4E9C-992D-F636749B9BFB}"
EndProject
Project("{9A19103F-16F7-4668-BE54-9A1E7A4F7556}") = "DateTimeOffsetPicker", "..\..\DateTimeOffsetPicker\DateTimeOffsetPicker\DateTimeOffsetPicker\DateTimeOffsetPicker.csproj", "{5B09D49E-1B41-4E2C-A0FF-24BF01DE67AD}"
EndProject
Project("{2150E333-8FDC-42A3-9474-1A3956D46DE8}") = "CustomControls", "CustomControls", "{512DAA37-D6CA-4EC4-8EC6-DAD75E8816F3}"
EndProject
Project("{9A19103F-16F7-4668-BE54-9A1E7A4F7556}") = "HandyApp.Calculators", "HandyApp.Calculators\HandyApp.Calculators.csproj", "{C3AF38E8-1724-4A02-A3A6-797FB61E302C}"
EndProject
Project("{FAE04EC0-301F-11D3-BF4B-00C04F79EFBC}") = "HandyApp.Caculators.Tests", "HandyApp.Caculators.Tests\HandyApp.Caculators.Tests.csproj", "{449BC052-8F93-4555-AF7F-3431F438B3A6}"
EndProject
Global
	GlobalSection(SolutionConfigurationPlatforms) = preSolution
		Ad-Hoc|Any CPU = Ad-Hoc|Any CPU
		Ad-Hoc|iPhone = Ad-Hoc|iPhone
		Ad-Hoc|iPhoneSimulator = Ad-Hoc|iPhoneSimulator
		AppStore|Any CPU = AppStore|Any CPU
		AppStore|iPhone = AppStore|iPhone
		AppStore|iPhoneSimulator = AppStore|iPhoneSimulator
		Debug|Any CPU = Debug|Any CPU
		Debug|iPhone = Debug|iPhone
		Debug|iPhoneSimulator = Debug|iPhoneSimulator
		Release|Any CPU = Release|Any CPU
		Release|iPhone = Release|iPhone
		Release|iPhoneSimulator = Release|iPhoneSimulator
	EndGlobalSection
	GlobalSection(ProjectConfigurationPlatforms) = postSolution
		{219FF12F-B0C3-45F3-BE5B-203AE665907D}.Ad-Hoc|Any CPU.ActiveCfg = Debug|Any CPU
		{219FF12F-B0C3-45F3-BE5B-203AE665907D}.Ad-Hoc|Any CPU.Build.0 = Debug|Any CPU
		{219FF12F-B0C3-45F3-BE5B-203AE665907D}.Ad-Hoc|iPhone.ActiveCfg = Debug|Any CPU
		{219FF12F-B0C3-45F3-BE5B-203AE665907D}.Ad-Hoc|iPhone.Build.0 = Debug|Any CPU
		{219FF12F-B0C3-45F3-BE5B-203AE665907D}.Ad-Hoc|iPhoneSimulator.ActiveCfg = Debug|Any CPU
		{219FF12F-B0C3-45F3-BE5B-203AE665907D}.Ad-Hoc|iPhoneSimulator.Build.0 = Debug|Any CPU
		{219FF12F-B0C3-45F3-BE5B-203AE665907D}.AppStore|Any CPU.ActiveCfg = Debug|Any CPU
		{219FF12F-B0C3-45F3-BE5B-203AE665907D}.AppStore|Any CPU.Build.0 = Debug|Any CPU
		{219FF12F-B0C3-45F3-BE5B-203AE665907D}.AppStore|iPhone.ActiveCfg = Debug|Any CPU
		{219FF12F-B0C3-45F3-BE5B-203AE665907D}.AppStore|iPhone.Build.0 = Debug|Any CPU
		{219FF12F-B0C3-45F3-BE5B-203AE665907D}.AppStore|iPhoneSimulator.ActiveCfg = Debug|Any CPU
		{219FF12F-B0C3-45F3-BE5B-203AE665907D}.AppStore|iPhoneSimulator.Build.0 = Debug|Any CPU
		{219FF12F-B0C3-45F3-BE5B-203AE665907D}.Debug|Any CPU.ActiveCfg = Debug|Any CPU
		{219FF12F-B0C3-45F3-BE5B-203AE665907D}.Debug|Any CPU.Build.0 = Debug|Any CPU
		{219FF12F-B0C3-45F3-BE5B-203AE665907D}.Debug|iPhone.ActiveCfg = Debug|Any CPU
		{219FF12F-B0C3-45F3-BE5B-203AE665907D}.Debug|iPhone.Build.0 = Debug|Any CPU
		{219FF12F-B0C3-45F3-BE5B-203AE665907D}.Debug|iPhoneSimulator.ActiveCfg = Debug|Any CPU
		{219FF12F-B0C3-45F3-BE5B-203AE665907D}.Debug|iPhoneSimulator.Build.0 = Debug|Any CPU
		{219FF12F-B0C3-45F3-BE5B-203AE665907D}.Release|Any CPU.ActiveCfg = Release|Any CPU
		{219FF12F-B0C3-45F3-BE5B-203AE665907D}.Release|Any CPU.Build.0 = Release|Any CPU
		{219FF12F-B0C3-45F3-BE5B-203AE665907D}.Release|iPhone.ActiveCfg = Release|Any CPU
		{219FF12F-B0C3-45F3-BE5B-203AE665907D}.Release|iPhone.Build.0 = Release|Any CPU
		{219FF12F-B0C3-45F3-BE5B-203AE665907D}.Release|iPhoneSimulator.ActiveCfg = Release|Any CPU
		{219FF12F-B0C3-45F3-BE5B-203AE665907D}.Release|iPhoneSimulator.Build.0 = Release|Any CPU
		{8D66121E-EF3D-4268-A22C-449CC8FA315A}.Ad-Hoc|Any CPU.ActiveCfg = Release|Any CPU
		{8D66121E-EF3D-4268-A22C-449CC8FA315A}.Ad-Hoc|Any CPU.Build.0 = Release|Any CPU
		{8D66121E-EF3D-4268-A22C-449CC8FA315A}.Ad-Hoc|Any CPU.Deploy.0 = Release|Any CPU
		{8D66121E-EF3D-4268-A22C-449CC8FA315A}.Ad-Hoc|iPhone.ActiveCfg = Release|Any CPU
		{8D66121E-EF3D-4268-A22C-449CC8FA315A}.Ad-Hoc|iPhone.Build.0 = Release|Any CPU
		{8D66121E-EF3D-4268-A22C-449CC8FA315A}.Ad-Hoc|iPhone.Deploy.0 = Release|Any CPU
		{8D66121E-EF3D-4268-A22C-449CC8FA315A}.Ad-Hoc|iPhoneSimulator.ActiveCfg = Release|Any CPU
		{8D66121E-EF3D-4268-A22C-449CC8FA315A}.Ad-Hoc|iPhoneSimulator.Build.0 = Release|Any CPU
		{8D66121E-EF3D-4268-A22C-449CC8FA315A}.Ad-Hoc|iPhoneSimulator.Deploy.0 = Release|Any CPU
		{8D66121E-EF3D-4268-A22C-449CC8FA315A}.AppStore|Any CPU.ActiveCfg = Release|Any CPU
		{8D66121E-EF3D-4268-A22C-449CC8FA315A}.AppStore|Any CPU.Build.0 = Release|Any CPU
		{8D66121E-EF3D-4268-A22C-449CC8FA315A}.AppStore|Any CPU.Deploy.0 = Release|Any CPU
		{8D66121E-EF3D-4268-A22C-449CC8FA315A}.AppStore|iPhone.ActiveCfg = Release|Any CPU
		{8D66121E-EF3D-4268-A22C-449CC8FA315A}.AppStore|iPhone.Build.0 = Release|Any CPU
		{8D66121E-EF3D-4268-A22C-449CC8FA315A}.AppStore|iPhone.Deploy.0 = Release|Any CPU
		{8D66121E-EF3D-4268-A22C-449CC8FA315A}.AppStore|iPhoneSimulator.ActiveCfg = Release|Any CPU
		{8D66121E-EF3D-4268-A22C-449CC8FA315A}.AppStore|iPhoneSimulator.Build.0 = Release|Any CPU
		{8D66121E-EF3D-4268-A22C-449CC8FA315A}.AppStore|iPhoneSimulator.Deploy.0 = Release|Any CPU
		{8D66121E-EF3D-4268-A22C-449CC8FA315A}.Debug|Any CPU.ActiveCfg = Debug|Any CPU
		{8D66121E-EF3D-4268-A22C-449CC8FA315A}.Debug|Any CPU.Build.0 = Debug|Any CPU
		{8D66121E-EF3D-4268-A22C-449CC8FA315A}.Debug|Any CPU.Deploy.0 = Debug|Any CPU
		{8D66121E-EF3D-4268-A22C-449CC8FA315A}.Debug|iPhone.ActiveCfg = Debug|Any CPU
		{8D66121E-EF3D-4268-A22C-449CC8FA315A}.Debug|iPhone.Build.0 = Debug|Any CPU
		{8D66121E-EF3D-4268-A22C-449CC8FA315A}.Debug|iPhone.Deploy.0 = Debug|Any CPU
		{8D66121E-EF3D-4268-A22C-449CC8FA315A}.Debug|iPhoneSimulator.ActiveCfg = Debug|Any CPU
		{8D66121E-EF3D-4268-A22C-449CC8FA315A}.Debug|iPhoneSimulator.Build.0 = Debug|Any CPU
		{8D66121E-EF3D-4268-A22C-449CC8FA315A}.Debug|iPhoneSimulator.Deploy.0 = Debug|Any CPU
		{8D66121E-EF3D-4268-A22C-449CC8FA315A}.Release|Any CPU.ActiveCfg = Release|Any CPU
		{8D66121E-EF3D-4268-A22C-449CC8FA315A}.Release|Any CPU.Build.0 = Release|Any CPU
		{8D66121E-EF3D-4268-A22C-449CC8FA315A}.Release|Any CPU.Deploy.0 = Release|Any CPU
		{8D66121E-EF3D-4268-A22C-449CC8FA315A}.Release|iPhone.ActiveCfg = Release|Any CPU
		{8D66121E-EF3D-4268-A22C-449CC8FA315A}.Release|iPhone.Build.0 = Release|Any CPU
		{8D66121E-EF3D-4268-A22C-449CC8FA315A}.Release|iPhone.Deploy.0 = Release|Any CPU
		{8D66121E-EF3D-4268-A22C-449CC8FA315A}.Release|iPhoneSimulator.ActiveCfg = Release|Any CPU
		{8D66121E-EF3D-4268-A22C-449CC8FA315A}.Release|iPhoneSimulator.Build.0 = Release|Any CPU
		{8D66121E-EF3D-4268-A22C-449CC8FA315A}.Release|iPhoneSimulator.Deploy.0 = Release|Any CPU
		{973ACE9D-E830-420F-B426-34B62A2F413E}.Ad-Hoc|Any CPU.ActiveCfg = Ad-Hoc|iPhone
		{973ACE9D-E830-420F-B426-34B62A2F413E}.Ad-Hoc|iPhone.ActiveCfg = Ad-Hoc|iPhone
		{973ACE9D-E830-420F-B426-34B62A2F413E}.Ad-Hoc|iPhone.Build.0 = Ad-Hoc|iPhone
		{973ACE9D-E830-420F-B426-34B62A2F413E}.Ad-Hoc|iPhoneSimulator.ActiveCfg = Ad-Hoc|iPhoneSimulator
		{973ACE9D-E830-420F-B426-34B62A2F413E}.Ad-Hoc|iPhoneSimulator.Build.0 = Ad-Hoc|iPhoneSimulator
		{973ACE9D-E830-420F-B426-34B62A2F413E}.AppStore|Any CPU.ActiveCfg = AppStore|iPhone
		{973ACE9D-E830-420F-B426-34B62A2F413E}.AppStore|iPhone.ActiveCfg = AppStore|iPhone
		{973ACE9D-E830-420F-B426-34B62A2F413E}.AppStore|iPhone.Build.0 = AppStore|iPhone
		{973ACE9D-E830-420F-B426-34B62A2F413E}.AppStore|iPhoneSimulator.ActiveCfg = AppStore|iPhoneSimulator
		{973ACE9D-E830-420F-B426-34B62A2F413E}.AppStore|iPhoneSimulator.Build.0 = AppStore|iPhoneSimulator
		{973ACE9D-E830-420F-B426-34B62A2F413E}.Debug|Any CPU.ActiveCfg = Debug|iPhone
		{973ACE9D-E830-420F-B426-34B62A2F413E}.Debug|iPhone.ActiveCfg = Debug|iPhone
		{973ACE9D-E830-420F-B426-34B62A2F413E}.Debug|iPhone.Build.0 = Debug|iPhone
		{973ACE9D-E830-420F-B426-34B62A2F413E}.Debug|iPhoneSimulator.ActiveCfg = Debug|iPhoneSimulator
		{973ACE9D-E830-420F-B426-34B62A2F413E}.Debug|iPhoneSimulator.Build.0 = Debug|iPhoneSimulator
		{973ACE9D-E830-420F-B426-34B62A2F413E}.Release|Any CPU.ActiveCfg = Release|iPhone
		{973ACE9D-E830-420F-B426-34B62A2F413E}.Release|iPhone.ActiveCfg = Release|iPhone
		{973ACE9D-E830-420F-B426-34B62A2F413E}.Release|iPhone.Build.0 = Release|iPhone
		{973ACE9D-E830-420F-B426-34B62A2F413E}.Release|iPhoneSimulator.ActiveCfg = Release|iPhoneSimulator
		{973ACE9D-E830-420F-B426-34B62A2F413E}.Release|iPhoneSimulator.Build.0 = Release|iPhoneSimulator
		{2EC773A1-726A-4155-8C2E-B4615EE38028}.Ad-Hoc|Any CPU.ActiveCfg = Debug|Any CPU
		{2EC773A1-726A-4155-8C2E-B4615EE38028}.Ad-Hoc|Any CPU.Build.0 = Debug|Any CPU
		{2EC773A1-726A-4155-8C2E-B4615EE38028}.Ad-Hoc|iPhone.ActiveCfg = Debug|Any CPU
		{2EC773A1-726A-4155-8C2E-B4615EE38028}.Ad-Hoc|iPhone.Build.0 = Debug|Any CPU
		{2EC773A1-726A-4155-8C2E-B4615EE38028}.Ad-Hoc|iPhoneSimulator.ActiveCfg = Debug|Any CPU
		{2EC773A1-726A-4155-8C2E-B4615EE38028}.Ad-Hoc|iPhoneSimulator.Build.0 = Debug|Any CPU
		{2EC773A1-726A-4155-8C2E-B4615EE38028}.AppStore|Any CPU.ActiveCfg = Debug|Any CPU
		{2EC773A1-726A-4155-8C2E-B4615EE38028}.AppStore|Any CPU.Build.0 = Debug|Any CPU
		{2EC773A1-726A-4155-8C2E-B4615EE38028}.AppStore|iPhone.ActiveCfg = Debug|Any CPU
		{2EC773A1-726A-4155-8C2E-B4615EE38028}.AppStore|iPhone.Build.0 = Debug|Any CPU
		{2EC773A1-726A-4155-8C2E-B4615EE38028}.AppStore|iPhoneSimulator.ActiveCfg = Debug|Any CPU
		{2EC773A1-726A-4155-8C2E-B4615EE38028}.AppStore|iPhoneSimulator.Build.0 = Debug|Any CPU
		{2EC773A1-726A-4155-8C2E-B4615EE38028}.Debug|Any CPU.ActiveCfg = Debug|Any CPU
		{2EC773A1-726A-4155-8C2E-B4615EE38028}.Debug|Any CPU.Build.0 = Debug|Any CPU
		{2EC773A1-726A-4155-8C2E-B4615EE38028}.Debug|iPhone.ActiveCfg = Debug|Any CPU
		{2EC773A1-726A-4155-8C2E-B4615EE38028}.Debug|iPhone.Build.0 = Debug|Any CPU
		{2EC773A1-726A-4155-8C2E-B4615EE38028}.Debug|iPhoneSimulator.ActiveCfg = Debug|Any CPU
		{2EC773A1-726A-4155-8C2E-B4615EE38028}.Debug|iPhoneSimulator.Build.0 = Debug|Any CPU
		{2EC773A1-726A-4155-8C2E-B4615EE38028}.Release|Any CPU.ActiveCfg = Release|Any CPU
		{2EC773A1-726A-4155-8C2E-B4615EE38028}.Release|Any CPU.Build.0 = Release|Any CPU
		{2EC773A1-726A-4155-8C2E-B4615EE38028}.Release|iPhone.ActiveCfg = Release|Any CPU
		{2EC773A1-726A-4155-8C2E-B4615EE38028}.Release|iPhone.Build.0 = Release|Any CPU
		{2EC773A1-726A-4155-8C2E-B4615EE38028}.Release|iPhoneSimulator.ActiveCfg = Release|Any CPU
		{2EC773A1-726A-4155-8C2E-B4615EE38028}.Release|iPhoneSimulator.Build.0 = Release|Any CPU
		{28B55791-4BAD-40BF-9352-553C0291B68B}.Ad-Hoc|Any CPU.ActiveCfg = Debug|Any CPU
		{28B55791-4BAD-40BF-9352-553C0291B68B}.Ad-Hoc|Any CPU.Build.0 = Debug|Any CPU
		{28B55791-4BAD-40BF-9352-553C0291B68B}.Ad-Hoc|iPhone.ActiveCfg = Debug|Any CPU
		{28B55791-4BAD-40BF-9352-553C0291B68B}.Ad-Hoc|iPhone.Build.0 = Debug|Any CPU
		{28B55791-4BAD-40BF-9352-553C0291B68B}.Ad-Hoc|iPhoneSimulator.ActiveCfg = Debug|Any CPU
		{28B55791-4BAD-40BF-9352-553C0291B68B}.Ad-Hoc|iPhoneSimulator.Build.0 = Debug|Any CPU
		{28B55791-4BAD-40BF-9352-553C0291B68B}.AppStore|Any CPU.ActiveCfg = Debug|Any CPU
		{28B55791-4BAD-40BF-9352-553C0291B68B}.AppStore|Any CPU.Build.0 = Debug|Any CPU
		{28B55791-4BAD-40BF-9352-553C0291B68B}.AppStore|iPhone.ActiveCfg = Debug|Any CPU
		{28B55791-4BAD-40BF-9352-553C0291B68B}.AppStore|iPhone.Build.0 = Debug|Any CPU
		{28B55791-4BAD-40BF-9352-553C0291B68B}.AppStore|iPhoneSimulator.ActiveCfg = Debug|Any CPU
		{28B55791-4BAD-40BF-9352-553C0291B68B}.AppStore|iPhoneSimulator.Build.0 = Debug|Any CPU
		{28B55791-4BAD-40BF-9352-553C0291B68B}.Debug|Any CPU.ActiveCfg = Debug|Any CPU
		{28B55791-4BAD-40BF-9352-553C0291B68B}.Debug|Any CPU.Build.0 = Debug|Any CPU
		{28B55791-4BAD-40BF-9352-553C0291B68B}.Debug|iPhone.ActiveCfg = Debug|Any CPU
		{28B55791-4BAD-40BF-9352-553C0291B68B}.Debug|iPhone.Build.0 = Debug|Any CPU
		{28B55791-4BAD-40BF-9352-553C0291B68B}.Debug|iPhoneSimulator.ActiveCfg = Debug|Any CPU
		{28B55791-4BAD-40BF-9352-553C0291B68B}.Debug|iPhoneSimulator.Build.0 = Debug|Any CPU
		{28B55791-4BAD-40BF-9352-553C0291B68B}.Release|Any CPU.ActiveCfg = Release|Any CPU
		{28B55791-4BAD-40BF-9352-553C0291B68B}.Release|Any CPU.Build.0 = Release|Any CPU
		{28B55791-4BAD-40BF-9352-553C0291B68B}.Release|iPhone.ActiveCfg = Release|Any CPU
		{28B55791-4BAD-40BF-9352-553C0291B68B}.Release|iPhone.Build.0 = Release|Any CPU
		{28B55791-4BAD-40BF-9352-553C0291B68B}.Release|iPhoneSimulator.ActiveCfg = Release|Any CPU
		{28B55791-4BAD-40BF-9352-553C0291B68B}.Release|iPhoneSimulator.Build.0 = Release|Any CPU
		{4D5D97F8-D7E7-4E9C-992D-F636749B9BFB}.Ad-Hoc|Any CPU.ActiveCfg = Debug|Any CPU
		{4D5D97F8-D7E7-4E9C-992D-F636749B9BFB}.Ad-Hoc|Any CPU.Build.0 = Debug|Any CPU
		{4D5D97F8-D7E7-4E9C-992D-F636749B9BFB}.Ad-Hoc|iPhone.ActiveCfg = Debug|Any CPU
		{4D5D97F8-D7E7-4E9C-992D-F636749B9BFB}.Ad-Hoc|iPhone.Build.0 = Debug|Any CPU
		{4D5D97F8-D7E7-4E9C-992D-F636749B9BFB}.Ad-Hoc|iPhoneSimulator.ActiveCfg = Debug|Any CPU
		{4D5D97F8-D7E7-4E9C-992D-F636749B9BFB}.Ad-Hoc|iPhoneSimulator.Build.0 = Debug|Any CPU
		{4D5D97F8-D7E7-4E9C-992D-F636749B9BFB}.AppStore|Any CPU.ActiveCfg = Debug|Any CPU
		{4D5D97F8-D7E7-4E9C-992D-F636749B9BFB}.AppStore|Any CPU.Build.0 = Debug|Any CPU
		{4D5D97F8-D7E7-4E9C-992D-F636749B9BFB}.AppStore|iPhone.ActiveCfg = Debug|Any CPU
		{4D5D97F8-D7E7-4E9C-992D-F636749B9BFB}.AppStore|iPhone.Build.0 = Debug|Any CPU
		{4D5D97F8-D7E7-4E9C-992D-F636749B9BFB}.AppStore|iPhoneSimulator.ActiveCfg = Debug|Any CPU
		{4D5D97F8-D7E7-4E9C-992D-F636749B9BFB}.AppStore|iPhoneSimulator.Build.0 = Debug|Any CPU
		{4D5D97F8-D7E7-4E9C-992D-F636749B9BFB}.Debug|Any CPU.ActiveCfg = Debug|Any CPU
		{4D5D97F8-D7E7-4E9C-992D-F636749B9BFB}.Debug|Any CPU.Build.0 = Debug|Any CPU
		{4D5D97F8-D7E7-4E9C-992D-F636749B9BFB}.Debug|iPhone.ActiveCfg = Debug|Any CPU
		{4D5D97F8-D7E7-4E9C-992D-F636749B9BFB}.Debug|iPhone.Build.0 = Debug|Any CPU
		{4D5D97F8-D7E7-4E9C-992D-F636749B9BFB}.Debug|iPhoneSimulator.ActiveCfg = Debug|Any CPU
		{4D5D97F8-D7E7-4E9C-992D-F636749B9BFB}.Debug|iPhoneSimulator.Build.0 = Debug|Any CPU
		{4D5D97F8-D7E7-4E9C-992D-F636749B9BFB}.Release|Any CPU.ActiveCfg = Release|Any CPU
		{4D5D97F8-D7E7-4E9C-992D-F636749B9BFB}.Release|Any CPU.Build.0 = Release|Any CPU
		{4D5D97F8-D7E7-4E9C-992D-F636749B9BFB}.Release|iPhone.ActiveCfg = Release|Any CPU
		{4D5D97F8-D7E7-4E9C-992D-F636749B9BFB}.Release|iPhone.Build.0 = Release|Any CPU
		{4D5D97F8-D7E7-4E9C-992D-F636749B9BFB}.Release|iPhoneSimulator.ActiveCfg = Release|Any CPU
		{4D5D97F8-D7E7-4E9C-992D-F636749B9BFB}.Release|iPhoneSimulator.Build.0 = Release|Any CPU
		{5B09D49E-1B41-4E2C-A0FF-24BF01DE67AD}.Ad-Hoc|Any CPU.ActiveCfg = Debug|Any CPU
		{5B09D49E-1B41-4E2C-A0FF-24BF01DE67AD}.Ad-Hoc|Any CPU.Build.0 = Debug|Any CPU
		{5B09D49E-1B41-4E2C-A0FF-24BF01DE67AD}.Ad-Hoc|iPhone.ActiveCfg = Debug|Any CPU
		{5B09D49E-1B41-4E2C-A0FF-24BF01DE67AD}.Ad-Hoc|iPhone.Build.0 = Debug|Any CPU
		{5B09D49E-1B41-4E2C-A0FF-24BF01DE67AD}.Ad-Hoc|iPhoneSimulator.ActiveCfg = Debug|Any CPU
		{5B09D49E-1B41-4E2C-A0FF-24BF01DE67AD}.Ad-Hoc|iPhoneSimulator.Build.0 = Debug|Any CPU
		{5B09D49E-1B41-4E2C-A0FF-24BF01DE67AD}.AppStore|Any CPU.ActiveCfg = Debug|Any CPU
		{5B09D49E-1B41-4E2C-A0FF-24BF01DE67AD}.AppStore|Any CPU.Build.0 = Debug|Any CPU
		{5B09D49E-1B41-4E2C-A0FF-24BF01DE67AD}.AppStore|iPhone.ActiveCfg = Debug|Any CPU
		{5B09D49E-1B41-4E2C-A0FF-24BF01DE67AD}.AppStore|iPhone.Build.0 = Debug|Any CPU
		{5B09D49E-1B41-4E2C-A0FF-24BF01DE67AD}.AppStore|iPhoneSimulator.ActiveCfg = Debug|Any CPU
		{5B09D49E-1B41-4E2C-A0FF-24BF01DE67AD}.AppStore|iPhoneSimulator.Build.0 = Debug|Any CPU
		{5B09D49E-1B41-4E2C-A0FF-24BF01DE67AD}.Debug|Any CPU.ActiveCfg = Debug|Any CPU
		{5B09D49E-1B41-4E2C-A0FF-24BF01DE67AD}.Debug|Any CPU.Build.0 = Debug|Any CPU
		{5B09D49E-1B41-4E2C-A0FF-24BF01DE67AD}.Debug|iPhone.ActiveCfg = Debug|Any CPU
		{5B09D49E-1B41-4E2C-A0FF-24BF01DE67AD}.Debug|iPhone.Build.0 = Debug|Any CPU
		{5B09D49E-1B41-4E2C-A0FF-24BF01DE67AD}.Debug|iPhoneSimulator.ActiveCfg = Debug|Any CPU
		{5B09D49E-1B41-4E2C-A0FF-24BF01DE67AD}.Debug|iPhoneSimulator.Build.0 = Debug|Any CPU
		{5B09D49E-1B41-4E2C-A0FF-24BF01DE67AD}.Release|Any CPU.ActiveCfg = Release|Any CPU
		{5B09D49E-1B41-4E2C-A0FF-24BF01DE67AD}.Release|Any CPU.Build.0 = Release|Any CPU
		{5B09D49E-1B41-4E2C-A0FF-24BF01DE67AD}.Release|iPhone.ActiveCfg = Release|Any CPU
		{5B09D49E-1B41-4E2C-A0FF-24BF01DE67AD}.Release|iPhone.Build.0 = Release|Any CPU
		{5B09D49E-1B41-4E2C-A0FF-24BF01DE67AD}.Release|iPhoneSimulator.ActiveCfg = Release|Any CPU
		{5B09D49E-1B41-4E2C-A0FF-24BF01DE67AD}.Release|iPhoneSimulator.Build.0 = Release|Any CPU
		{C3AF38E8-1724-4A02-A3A6-797FB61E302C}.Ad-Hoc|Any CPU.ActiveCfg = Debug|Any CPU
		{C3AF38E8-1724-4A02-A3A6-797FB61E302C}.Ad-Hoc|Any CPU.Build.0 = Debug|Any CPU
		{C3AF38E8-1724-4A02-A3A6-797FB61E302C}.Ad-Hoc|iPhone.ActiveCfg = Debug|Any CPU
		{C3AF38E8-1724-4A02-A3A6-797FB61E302C}.Ad-Hoc|iPhone.Build.0 = Debug|Any CPU
		{C3AF38E8-1724-4A02-A3A6-797FB61E302C}.Ad-Hoc|iPhoneSimulator.ActiveCfg = Debug|Any CPU
		{C3AF38E8-1724-4A02-A3A6-797FB61E302C}.Ad-Hoc|iPhoneSimulator.Build.0 = Debug|Any CPU
		{C3AF38E8-1724-4A02-A3A6-797FB61E302C}.AppStore|Any CPU.ActiveCfg = Debug|Any CPU
		{C3AF38E8-1724-4A02-A3A6-797FB61E302C}.AppStore|Any CPU.Build.0 = Debug|Any CPU
		{C3AF38E8-1724-4A02-A3A6-797FB61E302C}.AppStore|iPhone.ActiveCfg = Debug|Any CPU
		{C3AF38E8-1724-4A02-A3A6-797FB61E302C}.AppStore|iPhone.Build.0 = Debug|Any CPU
		{C3AF38E8-1724-4A02-A3A6-797FB61E302C}.AppStore|iPhoneSimulator.ActiveCfg = Debug|Any CPU
		{C3AF38E8-1724-4A02-A3A6-797FB61E302C}.AppStore|iPhoneSimulator.Build.0 = Debug|Any CPU
		{C3AF38E8-1724-4A02-A3A6-797FB61E302C}.Debug|Any CPU.ActiveCfg = Debug|Any CPU
		{C3AF38E8-1724-4A02-A3A6-797FB61E302C}.Debug|Any CPU.Build.0 = Debug|Any CPU
		{C3AF38E8-1724-4A02-A3A6-797FB61E302C}.Debug|iPhone.ActiveCfg = Debug|Any CPU
		{C3AF38E8-1724-4A02-A3A6-797FB61E302C}.Debug|iPhone.Build.0 = Debug|Any CPU
		{C3AF38E8-1724-4A02-A3A6-797FB61E302C}.Debug|iPhoneSimulator.ActiveCfg = Debug|Any CPU
		{C3AF38E8-1724-4A02-A3A6-797FB61E302C}.Debug|iPhoneSimulator.Build.0 = Debug|Any CPU
		{C3AF38E8-1724-4A02-A3A6-797FB61E302C}.Release|Any CPU.ActiveCfg = Release|Any CPU
		{C3AF38E8-1724-4A02-A3A6-797FB61E302C}.Release|Any CPU.Build.0 = Release|Any CPU
		{C3AF38E8-1724-4A02-A3A6-797FB61E302C}.Release|iPhone.ActiveCfg = Release|Any CPU
		{C3AF38E8-1724-4A02-A3A6-797FB61E302C}.Release|iPhone.Build.0 = Release|Any CPU
		{C3AF38E8-1724-4A02-A3A6-797FB61E302C}.Release|iPhoneSimulator.ActiveCfg = Release|Any CPU
		{C3AF38E8-1724-4A02-A3A6-797FB61E302C}.Release|iPhoneSimulator.Build.0 = Release|Any CPU
		{449BC052-8F93-4555-AF7F-3431F438B3A6}.Ad-Hoc|Any CPU.ActiveCfg = Debug|Any CPU
		{449BC052-8F93-4555-AF7F-3431F438B3A6}.Ad-Hoc|Any CPU.Build.0 = Debug|Any CPU
		{449BC052-8F93-4555-AF7F-3431F438B3A6}.Ad-Hoc|iPhone.ActiveCfg = Debug|Any CPU
		{449BC052-8F93-4555-AF7F-3431F438B3A6}.Ad-Hoc|iPhone.Build.0 = Debug|Any CPU
		{449BC052-8F93-4555-AF7F-3431F438B3A6}.Ad-Hoc|iPhoneSimulator.ActiveCfg = Debug|Any CPU
		{449BC052-8F93-4555-AF7F-3431F438B3A6}.Ad-Hoc|iPhoneSimulator.Build.0 = Debug|Any CPU
		{449BC052-8F93-4555-AF7F-3431F438B3A6}.AppStore|Any CPU.ActiveCfg = Debug|Any CPU
		{449BC052-8F93-4555-AF7F-3431F438B3A6}.AppStore|Any CPU.Build.0 = Debug|Any CPU
		{449BC052-8F93-4555-AF7F-3431F438B3A6}.AppStore|iPhone.ActiveCfg = Debug|Any CPU
		{449BC052-8F93-4555-AF7F-3431F438B3A6}.AppStore|iPhone.Build.0 = Debug|Any CPU
		{449BC052-8F93-4555-AF7F-3431F438B3A6}.AppStore|iPhoneSimulator.ActiveCfg = Debug|Any CPU
		{449BC052-8F93-4555-AF7F-3431F438B3A6}.AppStore|iPhoneSimulator.Build.0 = Debug|Any CPU
		{449BC052-8F93-4555-AF7F-3431F438B3A6}.Debug|Any CPU.ActiveCfg = Debug|Any CPU
		{449BC052-8F93-4555-AF7F-3431F438B3A6}.Debug|Any CPU.Build.0 = Debug|Any CPU
		{449BC052-8F93-4555-AF7F-3431F438B3A6}.Debug|iPhone.ActiveCfg = Debug|Any CPU
		{449BC052-8F93-4555-AF7F-3431F438B3A6}.Debug|iPhone.Build.0 = Debug|Any CPU
		{449BC052-8F93-4555-AF7F-3431F438B3A6}.Debug|iPhoneSimulator.ActiveCfg = Debug|Any CPU
		{449BC052-8F93-4555-AF7F-3431F438B3A6}.Debug|iPhoneSimulator.Build.0 = Debug|Any CPU
		{449BC052-8F93-4555-AF7F-3431F438B3A6}.Release|Any CPU.ActiveCfg = Release|Any CPU
		{449BC052-8F93-4555-AF7F-3431F438B3A6}.Release|Any CPU.Build.0 = Release|Any CPU
		{449BC052-8F93-4555-AF7F-3431F438B3A6}.Release|iPhone.ActiveCfg = Release|Any CPU
		{449BC052-8F93-4555-AF7F-3431F438B3A6}.Release|iPhone.Build.0 = Release|Any CPU
		{449BC052-8F93-4555-AF7F-3431F438B3A6}.Release|iPhoneSimulator.ActiveCfg = Release|Any CPU
		{449BC052-8F93-4555-AF7F-3431F438B3A6}.Release|iPhoneSimulator.Build.0 = Release|Any CPU
	EndGlobalSection
	GlobalSection(SolutionProperties) = preSolution
		HideSolutionNode = FALSE
	EndGlobalSection
	GlobalSection(NestedProjects) = preSolution
		{219FF12F-B0C3-45F3-BE5B-203AE665907D} = {22F746C7-9ED1-4FA3-8CAC-9961852CA9D3}
		{8D66121E-EF3D-4268-A22C-449CC8FA315A} = {22F746C7-9ED1-4FA3-8CAC-9961852CA9D3}
		{973ACE9D-E830-420F-B426-34B62A2F413E} = {22F746C7-9ED1-4FA3-8CAC-9961852CA9D3}
		{2EC773A1-726A-4155-8C2E-B4615EE38028} = {3C14E26F-4BF7-411D-BEB6-2BB4409AED10}
		{28B55791-4BAD-40BF-9352-553C0291B68B} = {910A6040-4E50-4272-88F1-3EA5FF417682}
		{4D5D97F8-D7E7-4E9C-992D-F636749B9BFB} = {910A6040-4E50-4272-88F1-3EA5FF417682}
		{5B09D49E-1B41-4E2C-A0FF-24BF01DE67AD} = {512DAA37-D6CA-4EC4-8EC6-DAD75E8816F3}
		{C3AF38E8-1724-4A02-A3A6-797FB61E302C} = {910A6040-4E50-4272-88F1-3EA5FF417682}
		{449BC052-8F93-4555-AF7F-3431F438B3A6} = {910A6040-4E50-4272-88F1-3EA5FF417682}
	EndGlobalSection
	GlobalSection(ExtensibilityGlobals) = postSolution
		SolutionGuid = {2E7D539D-FCD9-445A-AAF0-8947522AED35}
	EndGlobalSection
EndGlobal
